{
  "name": "solid-auth-cli",
  "version": "1.0.7",
  "lockfileVersion": 1,
  "requires": true,
  "dependencies": {
    "@babel/runtime": {
      "version": "7.4.4",
      "resolved": "https://registry.npmjs.org/@babel/runtime/-/runtime-7.4.4.tgz",
      "integrity": "sha512-w0+uT71b6Yi7i5SE0co4NioIpSYS6lLiXvCzWzGSKvpK5vdQtCbICHMj+gbAKAOtxiV6HsVh/MBdaF9EQ6faSg==",
      "dev": true,
      "requires": {
        "regenerator-runtime": "^0.13.2"
      }
    },
    "@solid/cli": {
      "version": "0.1.1",
      "resolved": "https://registry.npmjs.org/@solid/cli/-/cli-0.1.1.tgz",
      "integrity": "sha512-NRmSKWGycV2u/YDHTB2DWa7JIH9lK/WqT7HEuaRfWWhxlxSiM52p08aJw90qavEp6pWIz+2Os4kRQpQqJU2oiQ==",
      "requires": {
        "@solid/oidc-rp": "^0.9.0"
      },
      "dependencies": {
        "@solid/oidc-rp": {
          "version": "0.9.0",
          "resolved": "https://registry.npmjs.org/@solid/oidc-rp/-/oidc-rp-0.9.0.tgz",
          "integrity": "sha512-y2gBGp/0+f6D+TEZ+AxjEY2Qx1aqcN0smNR2W+PjaVXGio0t4HXh68kKoSPpSiGd84aMQY9GJfG2ZsVskqjdsg==",
          "requires": {
            "@solid/jose": "0.1.8",
            "@trust/json-document": "^0.1.4",
            "@trust/webcrypto": "0.9.2",
            "base64url": "^3.0.0",
            "node-fetch": "^2.1.2",
            "standard-http-error": "^2.0.1",
            "text-encoding": "^0.6.4",
            "whatwg-url": "^6.4.1"
          }
        },
        "node-fetch": {
          "version": "2.6.0",
          "resolved": "https://registry.npmjs.org/node-fetch/-/node-fetch-2.6.0.tgz",
          "integrity": "sha512-8dG4H5ujfvFiqDmVu9fQ5bOHUC15JMjMY/Zumv26oOvvVJjM67KF8koCWIabKQ1GJIa9r2mMZscBq/TbdOcmNA=="
        }
      }
    },
    "@solid/jose": {
      "version": "0.1.8",
      "resolved": "https://registry.npmjs.org/@solid/jose/-/jose-0.1.8.tgz",
      "integrity": "sha512-JuP3z2Yuyolv7P0w7MPhjWltWbVzV0vHBFw+ZhxG2v2WOPdbGT+CvUMhCMdMG/csavceV+IpwMXMybMd8nC4sA==",
      "requires": {
        "@trust/json-document": "^0.1.4",
        "@trust/webcrypto": "^0.9.2",
        "base64url": "^3.0.0",
        "text-encoding": "^0.6.4"
      },
      "dependencies": {
        "@trust/webcrypto": {
          "version": "0.9.2",
          "resolved": "https://registry.npmjs.org/@trust/webcrypto/-/webcrypto-0.9.2.tgz",
          "integrity": "sha512-5iMAVcGYKhqLJGjefB1nzuQSqUJTru0nG4CytpBT/GGp1Piz/MVnj2jORdYf4JBYzggCIa8WZUr2rchP2Ngn/w==",
          "requires": {
            "@trust/keyto": "^0.3.4",
            "base64url": "^3.0.0",
            "elliptic": "^6.4.0",
            "node-rsa": "^0.4.0",
            "text-encoding": "^0.6.1"
          }
        },
        "base64url": {
          "version": "3.0.1",
          "resolved": "https://registry.npmjs.org/base64url/-/base64url-3.0.1.tgz",
          "integrity": "sha512-ir1UPr3dkwexU7FdV8qBBbNDRUhMmIekYMFZfi+C/sLNnRESKPl23nB9b2pltqfOQNnGzsDdId90AEtG5tCx4A=="
        }
      }
    },
    "@solid/oidc-rp": {
      "version": "0.8.0",
      "resolved": "https://registry.npmjs.org/@solid/oidc-rp/-/oidc-rp-0.8.0.tgz",
      "integrity": "sha512-AAHd+J1IiASDmqDQkU8ou8Gxmc7+VfpcgGFW1rCul/obCsNzSemwvEslxjstK7Yy725HtucoAbZN2BGKujeQAg==",
      "dev": true,
      "requires": {
        "@solid/jose": "0.1.8",
        "@trust/json-document": "^0.1.4",
        "@trust/webcrypto": "0.9.2",
        "base64url": "^3.0.0",
        "node-fetch": "^2.1.2",
        "standard-http-error": "^2.0.1",
        "text-encoding": "^0.6.4",
        "whatwg-url": "^6.4.1"
      },
      "dependencies": {
        "@trust/webcrypto": {
          "version": "0.9.2",
          "resolved": "https://registry.npmjs.org/@trust/webcrypto/-/webcrypto-0.9.2.tgz",
          "integrity": "sha512-5iMAVcGYKhqLJGjefB1nzuQSqUJTru0nG4CytpBT/GGp1Piz/MVnj2jORdYf4JBYzggCIa8WZUr2rchP2Ngn/w==",
          "dev": true,
          "requires": {
            "@trust/keyto": "^0.3.4",
            "base64url": "^3.0.0",
            "elliptic": "^6.4.0",
            "node-rsa": "^0.4.0",
            "text-encoding": "^0.6.1"
          }
        },
        "base64url": {
          "version": "3.0.1",
          "resolved": "https://registry.npmjs.org/base64url/-/base64url-3.0.1.tgz",
          "integrity": "sha512-ir1UPr3dkwexU7FdV8qBBbNDRUhMmIekYMFZfi+C/sLNnRESKPl23nB9b2pltqfOQNnGzsDdId90AEtG5tCx4A==",
          "dev": true
        },
        "node-fetch": {
          "version": "2.6.0",
          "resolved": "https://registry.npmjs.org/node-fetch/-/node-fetch-2.6.0.tgz",
          "integrity": "sha512-8dG4H5ujfvFiqDmVu9fQ5bOHUC15JMjMY/Zumv26oOvvVJjM67KF8koCWIabKQ1GJIa9r2mMZscBq/TbdOcmNA==",
          "dev": true
        }
      }
    },
    "@trust/json-document": {
      "version": "0.1.4",
      "resolved": "https://registry.npmjs.org/@trust/json-document/-/json-document-0.1.4.tgz",
      "integrity": "sha1-sgI7HhRbp2hb0fNux7aRKJQAc+k="
    },
    "@trust/keyto": {
      "version": "0.3.4",
      "resolved": "https://registry.npmjs.org/@trust/keyto/-/keyto-0.3.4.tgz",
      "integrity": "sha512-OAqKvuSEPIu2zCnIHzBthvGnV8nKmpv7cBlRMngLzJZzZI9CanyuSfnEI1xC4sH4TwqA0XJR7Mb0oX4bwymXIw==",
      "requires": {
        "asn1.js": "^4.9.1",
        "base64url": "^3.0.0",
        "elliptic": "^6.4.0"
      },
      "dependencies": {
        "asn1.js": {
          "version": "4.10.1",
          "resolved": "https://registry.npmjs.org/asn1.js/-/asn1.js-4.10.1.tgz",
          "integrity": "sha512-p32cOF5q0Zqs9uBiONKYLm6BClCoBCM5O9JfeUSlnQLBTxYdTK+pW+nXflm8UkKd2UYlEbYz5qEi0JuZR9ckSw==",
          "requires": {
            "bn.js": "^4.0.0",
            "inherits": "^2.0.1",
            "minimalistic-assert": "^1.0.0"
          }
        },
        "base64url": {
          "version": "3.0.1",
          "resolved": "https://registry.npmjs.org/base64url/-/base64url-3.0.1.tgz",
          "integrity": "sha512-ir1UPr3dkwexU7FdV8qBBbNDRUhMmIekYMFZfi+C/sLNnRESKPl23nB9b2pltqfOQNnGzsDdId90AEtG5tCx4A=="
        },
        "bn.js": {
          "version": "4.11.8",
          "resolved": "https://registry.npmjs.org/bn.js/-/bn.js-4.11.8.tgz",
          "integrity": "sha512-ItfYfPLkWHUjckQCk8xC+LwxgK8NYcXywGigJgSwOP8Y2iyWT4f2vsZnoOXTTbo+o5yXmIUJ4gn5538SO5S3gA=="
        }
      }
    },
    "@trust/webcrypto": {
      "version": "0.9.2",
      "resolved": "https://registry.npmjs.org/@trust/webcrypto/-/webcrypto-0.9.2.tgz",
      "integrity": "sha512-5iMAVcGYKhqLJGjefB1nzuQSqUJTru0nG4CytpBT/GGp1Piz/MVnj2jORdYf4JBYzggCIa8WZUr2rchP2Ngn/w==",
      "requires": {
        "@trust/keyto": "^0.3.4",
        "base64url": "^3.0.0",
        "elliptic": "^6.4.0",
        "node-rsa": "^0.4.0",
        "text-encoding": "^0.6.1"
      }
    },
    "ajv": {
      "version": "6.7.0",
      "resolved": "https://registry.npmjs.org/ajv/-/ajv-6.7.0.tgz",
      "integrity": "sha512-RZXPviBTtfmtka9n9sy1N5M5b82CbxWIR6HIis4s3WQTXDJamc/0gpCWNGz6EWdWp4DOfjzJfhz/AS9zVPjjWg==",
      "requires": {
        "fast-deep-equal": "^2.0.1",
        "fast-json-stable-stringify": "^2.0.0",
        "json-schema-traverse": "^0.4.1",
        "uri-js": "^4.2.2"
      }
    },
    "asn1": {
      "version": "0.2.3",
      "resolved": "https://registry.npmjs.org/asn1/-/asn1-0.2.3.tgz",
      "integrity": "sha1-2sh4dxPJlmhJ/IGAd36+nB3fO4Y="
    },
    "assert-plus": {
      "version": "1.0.0",
      "resolved": "https://registry.npmjs.org/assert-plus/-/assert-plus-1.0.0.tgz",
      "integrity": "sha1-8S4PPF13sLHN2RRpQuTpbB5N1SU="
    },
    "async": {
      "version": "2.6.1",
      "resolved": "https://registry.npmjs.org/async/-/async-2.6.1.tgz",
      "integrity": "sha512-fNEiL2+AZt6AlAw/29Cr0UDe4sRAHCpEHh54WMz+Bb7QfNcFw4h3loofyJpLeQs4Yx7yuqu/2dLgM5hKOs6HlQ==",
      "requires": {
        "lodash": "^4.17.10"
      }
    },
    "asynckit": {
      "version": "0.4.0",
      "resolved": "https://registry.npmjs.org/asynckit/-/asynckit-0.4.0.tgz",
      "integrity": "sha1-x57Zf380y48robyXkLzDZkdLS3k="
    },
    "auth-header": {
      "version": "1.0.0",
      "resolved": "https://registry.npmjs.org/auth-header/-/auth-header-1.0.0.tgz",
      "integrity": "sha512-CPPazq09YVDUNNVWo4oSPTQmtwIzHusZhQmahCKvIsk0/xH6U3QsMAv3sM+7+Q0B1K2KJ/Q38OND317uXs4NHA==",
      "dev": true
    },
    "aws-sign2": {
      "version": "0.7.0",
      "resolved": "https://registry.npmjs.org/aws-sign2/-/aws-sign2-0.7.0.tgz",
      "integrity": "sha1-tG6JCTSpWR8tL2+G1+ap8bP+dqg="
    },
    "aws4": {
      "version": "1.8.0",
      "resolved": "https://registry.npmjs.org/aws4/-/aws4-1.8.0.tgz",
      "integrity": "sha512-ReZxvNHIOv88FlT7rxcXIIC0fPt4KZqZbOlivyWtXLt8ESx84zd3kMC6iK5jVeS2qt+g7ftS7ye4fi06X5rtRQ=="
    },
    "base64url": {
      "version": "3.0.1",
      "resolved": "https://registry.npmjs.org/base64url/-/base64url-3.0.1.tgz",
      "integrity": "sha512-ir1UPr3dkwexU7FdV8qBBbNDRUhMmIekYMFZfi+C/sLNnRESKPl23nB9b2pltqfOQNnGzsDdId90AEtG5tCx4A=="
    },
    "bcrypt-pbkdf": {
      "version": "1.0.2",
      "resolved": "https://registry.npmjs.org/bcrypt-pbkdf/-/bcrypt-pbkdf-1.0.2.tgz",
      "integrity": "sha1-pDAdOJtqQ/m2f/PKEaP2Y342Dp4=",
      "requires": {
        "tweetnacl": "^0.14.3"
      }
    },
    "bindings": {
      "version": "1.3.1",
      "resolved": "https://registry.npmjs.org/bindings/-/bindings-1.3.1.tgz",
      "integrity": "sha512-i47mqjF9UbjxJhxGf+pZ6kSxrnI3wBLlnGI2ArWJ4r0VrvDS7ZYXkprq/pLaBWYq4GM0r4zdHY+NNRqEMU7uew==",
      "optional": true
    },
    "brorand": {
      "version": "1.1.0",
      "resolved": "https://registry.npmjs.org/brorand/-/brorand-1.1.0.tgz",
      "integrity": "sha1-EsJe/kCkXjwyPrhnWgoM5XsiNx8="
    },
    "buffer-from": {
      "version": "1.1.1",
      "resolved": "https://registry.npmjs.org/buffer-from/-/buffer-from-1.1.1.tgz",
      "integrity": "sha512-MQcXEUbCKtEo7bhqEs6560Hyd4XaovZlO/k9V3hjVUF/zwW7KBVdSK4gIt/bzwS9MbR5qob+F5jusZsb0YQK2A==",
      "dev": true
    },
    "caseless": {
      "version": "0.12.0",
      "resolved": "https://registry.npmjs.org/caseless/-/caseless-0.12.0.tgz",
      "integrity": "sha1-G2gcIf+EAzyCZUMJBolCDRhxUdw="
    },
    "combined-stream": {
      "version": "1.0.7",
      "resolved": "https://registry.npmjs.org/combined-stream/-/combined-stream-1.0.7.tgz",
      "integrity": "sha512-brWl9y6vOB1xYPZcpZde3N9zDByXTosAeMDo4p1wzo6UMOX4vumB+TP1RZ76sfE6Md68Q0NJSrE/gbezd4Ul+w==",
      "requires": {
        "delayed-stream": "~1.0.0"
      }
    },
    "commander": {
      "version": "2.19.0",
      "resolved": "https://registry.npmjs.org/commander/-/commander-2.19.0.tgz",
      "integrity": "sha512-6tvAOO+D6OENvRAh524Dh9jcfKTYDQAqvqezbCW82xj5X0pSrcpxtvRKHLG0yBY6SD7PSDrJaj+0AiOcKVd1Xg==",
      "dev": true
    },
    "concat-stream": {
      "version": "1.6.2",
      "resolved": "https://registry.npmjs.org/concat-stream/-/concat-stream-1.6.2.tgz",
      "integrity": "sha512-27HBghJxjiZtIk3Ycvn/4kbJk/1uZuJFfuPEns6LaEvpvG1f0hTea8lilrouyo9mVc2GWdcEZ8OLoGmSADlrCw==",
      "dev": true,
      "requires": {
        "buffer-from": "^1.0.0",
        "inherits": "^2.0.3",
        "readable-stream": "^2.2.2",
        "typedarray": "^0.0.6"
      }
    },
    "core-util-is": {
      "version": "1.0.2",
      "resolved": "https://registry.npmjs.org/core-util-is/-/core-util-is-1.0.2.tgz",
      "integrity": "sha1-tf1UIgqivFq1eqtxQMlAdUUDwac="
    },
    "dashdash": {
      "version": "1.14.1",
      "resolved": "https://registry.npmjs.org/dashdash/-/dashdash-1.14.1.tgz",
      "integrity": "sha1-hTz6D3y+L+1d4gMmuN1YEDX24vA=",
      "requires": {
        "assert-plus": "^1.0.0"
      }
    },
    "delayed-stream": {
      "version": "1.0.0",
      "resolved": "https://registry.npmjs.org/delayed-stream/-/delayed-stream-1.0.0.tgz",
      "integrity": "sha1-3zrhmayt+31ECqrgsp4icrJOxhk="
    },
    "ecc-jsbn": {
      "version": "0.1.2",
      "resolved": "https://registry.npmjs.org/ecc-jsbn/-/ecc-jsbn-0.1.2.tgz",
      "integrity": "sha1-OoOpBOVDUyh4dMVkt1SThoSamMk=",
      "requires": {
        "jsbn": "~0.1.0",
        "safer-buffer": "^2.1.0"
      }
    },
    "elliptic": {
      "version": "6.4.1",
      "resolved": "https://registry.npmjs.org/elliptic/-/elliptic-6.4.1.tgz",
      "integrity": "sha512-BsXLz5sqX8OHcsh7CqBMztyXARmGQ3LWPtGjJi6DiJHq5C/qvi9P3OqgswKSDftbu8+IoI/QDTAm2fFnQ9SZSQ==",
      "requires": {
        "bn.js": "^4.4.0",
        "brorand": "^1.0.1",
        "hash.js": "^1.0.0",
        "hmac-drbg": "^1.0.0",
        "inherits": "^2.0.1",
        "minimalistic-assert": "^1.0.0",
        "minimalistic-crypto-utils": "^1.0.0"
      },
      "dependencies": {
        "bn.js": {
          "version": "4.11.8",
          "resolved": "https://registry.npmjs.org/bn.js/-/bn.js-4.11.8.tgz",
          "integrity": "sha512-ItfYfPLkWHUjckQCk8xC+LwxgK8NYcXywGigJgSwOP8Y2iyWT4f2vsZnoOXTTbo+o5yXmIUJ4gn5538SO5S3gA=="
        }
      }
    },
    "encoding": {
      "version": "0.1.12",
      "resolved": "https://registry.npmjs.org/encoding/-/encoding-0.1.12.tgz",
      "integrity": "sha1-U4tm8+5izRq1HsMjgp0flIDHS+s=",
      "requires": {
        "iconv-lite": "~0.4.13"
      }
    },
    "es6-promise": {
      "version": "2.3.0",
      "resolved": "https://registry.npmjs.org/es6-promise/-/es6-promise-2.3.0.tgz",
      "integrity": "sha1-lu258v2wGZWCKyY92KratnSBgbw=",
      "dev": true
    },
    "extend": {
      "version": "3.0.2",
      "resolved": "https://registry.npmjs.org/extend/-/extend-3.0.2.tgz",
      "integrity": "sha512-fjquC59cD7CyW6urNXK0FBufkZcoiGG80wTuPujX590cB5Ttln20E2UB4S/WARVqhXffZl2LNgS+gQdPIIim/g=="
    },
    "extsprintf": {
      "version": "1.3.0",
      "resolved": "https://registry.npmjs.org/extsprintf/-/extsprintf-1.3.0.tgz",
      "integrity": "sha1-lpGEQOMEGnpBT4xS48V06zw+HgU="
    },
    "fast-deep-equal": {
      "version": "2.0.1",
      "resolved": "https://registry.npmjs.org/fast-deep-equal/-/fast-deep-equal-2.0.1.tgz",
      "integrity": "sha1-ewUhjd+WZ79/Nwv3/bLLFf3Qqkk="
    },
    "fast-json-stable-stringify": {
      "version": "2.0.0",
      "resolved": "https://registry.npmjs.org/fast-json-stable-stringify/-/fast-json-stable-stringify-2.0.0.tgz",
      "integrity": "sha1-1RQsDK7msRifh9OnYREGT4bIu/I="
    },
    "file-fetch": {
      "version": "1.1.1",
      "resolved": "https://registry.npmjs.org/file-fetch/-/file-fetch-1.1.1.tgz",
      "integrity": "sha512-jgEI709CyeAt7q1eDWaqBKjXu2OqbKdCwFJDSeCJ0pKlDdxTnJ1dmFPwG4UNV/voUxTR0l5Y+TfKtQuKoKquRA==",
      "dev": true,
      "requires": {
        "concat-stream": "^1.6.0",
        "mime-types": "^2.1.17",
        "node-fetch": "^1.7.3",
        "readable-error": "^1.0.0"
      }
    },
    "forever-agent": {
      "version": "0.6.1",
      "resolved": "https://registry.npmjs.org/forever-agent/-/forever-agent-0.6.1.tgz",
      "integrity": "sha1-+8cfDEGt6zf5bFd60e1C2P2sypE="
    },
    "form-data": {
      "version": "2.3.3",
      "resolved": "https://registry.npmjs.org/form-data/-/form-data-2.3.3.tgz",
      "integrity": "sha512-1lLKB2Mu3aGP1Q/2eCOx0fNbRMe7XdwktwOruhfqqd0rIJWwN4Dh+E3hrPSlDCXnSR7UtZ1N38rVXm+6+MEhJQ==",
      "requires": {
        "asynckit": "^0.4.0",
        "combined-stream": "^1.0.6",
        "mime-types": "^2.1.12"
      }
    },
    "fs": {
      "version": "0.0.1-security",
      "resolved": "https://registry.npmjs.org/fs/-/fs-0.0.1-security.tgz",
      "integrity": "sha1-invTcYa23d84E/I4WLV+yq9eQdQ=",
      "dev": true
    },
    "fs-extra": {
      "version": "8.0.1",
      "resolved": "https://registry.npmjs.org/fs-extra/-/fs-extra-8.0.1.tgz",
      "integrity": "sha512-W+XLrggcDzlle47X/XnS7FXrXu9sDo+Ze9zpndeBxdgv88FHLm1HtmkhEwavruS6koanBjp098rUpHs65EmG7A==",
      "requires": {
        "graceful-fs": "^4.1.2",
        "jsonfile": "^4.0.0",
        "universalify": "^0.1.0"
      }
    },
    "getpass": {
      "version": "0.1.7",
      "resolved": "https://registry.npmjs.org/getpass/-/getpass-0.1.7.tgz",
      "integrity": "sha1-Xv+OPmhNVprkyysSgmBOi6YhSfo=",
      "requires": {
        "assert-plus": "^1.0.0"
      }
    },
    "graceful-fs": {
      "version": "4.1.15",
      "resolved": "https://registry.npmjs.org/graceful-fs/-/graceful-fs-4.1.15.tgz",
      "integrity": "sha512-6uHUhOPEBgQ24HM+r6b/QwWfZq+yiFcipKFrOFiBEnWdy5sdzYoi+pJeQaPI5qOLRFqWmAXUPQNsielzdLoecA=="
    },
    "har-schema": {
      "version": "2.0.0",
      "resolved": "https://registry.npmjs.org/har-schema/-/har-schema-2.0.0.tgz",
      "integrity": "sha1-qUwiJOvKwEeCoNkDVSHyRzW37JI="
    },
    "har-validator": {
      "version": "5.1.3",
      "resolved": "https://registry.npmjs.org/har-validator/-/har-validator-5.1.3.tgz",
      "integrity": "sha512-sNvOCzEQNr/qrvJgc3UG/kD4QtlHycrzwS+6mfTrrSq97BvaYcPZZI1ZSqGSPR73Cxn4LKTD4PttRwfU7jWq5g==",
      "requires": {
        "ajv": "^6.5.5",
        "har-schema": "^2.0.0"
      }
    },
    "hash.js": {
      "version": "1.1.7",
      "resolved": "https://registry.npmjs.org/hash.js/-/hash.js-1.1.7.tgz",
      "integrity": "sha512-taOaskGt4z4SOANNseOviYDvjEJinIkRgmp7LbKP2YTTmVxWBl87s/uzK9r+44BclBSp2X7K1hqeNfz9JbBeXA==",
      "requires": {
        "inherits": "^2.0.3",
        "minimalistic-assert": "^1.0.1"
      }
    },
    "hmac-drbg": {
      "version": "1.0.1",
      "resolved": "https://registry.npmjs.org/hmac-drbg/-/hmac-drbg-1.0.1.tgz",
      "integrity": "sha1-0nRXAQJabHdabFRXk+1QL8DGSaE=",
      "requires": {
        "hash.js": "^1.0.3",
        "minimalistic-assert": "^1.0.0",
        "minimalistic-crypto-utils": "^1.0.1"
      }
    },
    "http-signature": {
      "version": "1.2.0",
      "resolved": "https://registry.npmjs.org/http-signature/-/http-signature-1.2.0.tgz",
      "integrity": "sha1-muzZJRFHcvPZW2WmCruPfBj7rOE=",
      "requires": {
        "assert-plus": "^1.0.0",
        "jsprim": "^1.2.2",
        "sshpk": "^1.7.0"
      }
    },
    "iconv-lite": {
      "version": "0.4.24",
      "resolved": "https://registry.npmjs.org/iconv-lite/-/iconv-lite-0.4.24.tgz",
      "integrity": "sha512-v3MXnZAcvnywkTUEZomIActle7RXXeedOR31wwl7VlyoXO4Qi9arvSenNQWne1TcRwhCL1HwLI21bEqdpj8/rA==",
      "requires": {
        "safer-buffer": ">= 2.1.2 < 3"
      }
    },
    "inherits": {
      "version": "2.0.3",
      "resolved": "https://registry.npmjs.org/inherits/-/inherits-2.0.3.tgz",
      "integrity": "sha1-Yzwsg+PaQqUC9SRmAiSA9CCCYd4="
    },
    "is-stream": {
      "version": "1.1.0",
      "resolved": "https://registry.npmjs.org/is-stream/-/is-stream-1.1.0.tgz",
      "integrity": "sha1-EtSj3U5o4Lec6428hBc66A2RykQ="
    },
    "is-typedarray": {
      "version": "1.0.0",
      "resolved": "https://registry.npmjs.org/is-typedarray/-/is-typedarray-1.0.0.tgz",
      "integrity": "sha1-5HnICFjfDBsR3dppQPlgEfzaSpo="
    },
    "isarray": {
      "version": "1.0.0",
      "resolved": "https://registry.npmjs.org/isarray/-/isarray-1.0.0.tgz",
      "integrity": "sha1-u5NdSFgsuhaMBoNJV6VKPgcSTxE=",
      "dev": true
    },
    "isomorphic-fetch": {
      "version": "2.2.1",
      "resolved": "https://registry.npmjs.org/isomorphic-fetch/-/isomorphic-fetch-2.2.1.tgz",
      "integrity": "sha1-YRrhrPFPXoH3KVB0coGf6XM1WKk=",
      "requires": {
        "node-fetch": "^1.0.1",
        "whatwg-fetch": ">=0.10.0"
      }
    },
    "isstream": {
      "version": "0.1.2",
      "resolved": "https://registry.npmjs.org/isstream/-/isstream-0.1.2.tgz",
      "integrity": "sha1-R+Y/evVa+m+S4VAOaQ64uFKcCZo="
    },
    "jsbn": {
      "version": "0.1.1",
      "resolved": "https://registry.npmjs.org/jsbn/-/jsbn-0.1.1.tgz",
      "integrity": "sha1-peZUwuWi3rXyAdls77yoDA7y9RM="
    },
    "json-schema": {
      "version": "0.2.3",
      "resolved": "https://registry.npmjs.org/json-schema/-/json-schema-0.2.3.tgz",
      "integrity": "sha1-tIDIkuWaLwWVTOcnvT8qTogvnhM="
    },
    "json-schema-traverse": {
      "version": "0.4.1",
      "resolved": "https://registry.npmjs.org/json-schema-traverse/-/json-schema-traverse-0.4.1.tgz",
      "integrity": "sha512-xbbCH5dCYU5T8LcEhhuh7HJ88HXuW3qsI3Y0zOZFKfZEHcpWiHU/Jxzk629Brsab/mMiHQti9wMP+845RPe3Vg=="
    },
    "json-stringify-safe": {
      "version": "5.0.1",
      "resolved": "https://registry.npmjs.org/json-stringify-safe/-/json-stringify-safe-5.0.1.tgz",
      "integrity": "sha1-Epai1Y/UXxmg9s4B1lcB4sc1tus="
    },
    "jsonfile": {
      "version": "4.0.0",
      "resolved": "https://registry.npmjs.org/jsonfile/-/jsonfile-4.0.0.tgz",
      "integrity": "sha1-h3Gq4HmbZAdrdmQPygWPnBDjPss=",
      "requires": {
        "graceful-fs": "^4.1.6"
      }
    },
    "jsonld": {
      "version": "1.4.0",
      "resolved": "https://registry.npmjs.org/jsonld/-/jsonld-1.4.0.tgz",
      "integrity": "sha512-42FBpURzGMJc1rjpo9JU32EJ3Uf4k1HyRgvj1Np4dpEcrkdui0sMNHgKDE88It0iMhVzyK/cipcJ3Co2Nx5CLA==",
      "requires": {
        "rdf-canonize": "^0.3.0",
        "request": "^2.88.0",
        "semver": "^5.6.0",
        "xmldom": "0.1.19"
      }
    },
    "jsprim": {
      "version": "1.4.1",
      "resolved": "https://registry.npmjs.org/jsprim/-/jsprim-1.4.1.tgz",
      "integrity": "sha1-MT5mvB5cwG5Di8G3SZwuXFastqI=",
      "requires": {
        "assert-plus": "1.0.0",
        "extsprintf": "1.3.0",
        "json-schema": "0.2.3",
        "verror": "1.10.0"
      }
    },
    "lodash": {
      "version": "4.17.11",
      "resolved": "https://registry.npmjs.org/lodash/-/lodash-4.17.11.tgz",
      "integrity": "sha512-cQKh8igo5QUhZ7lg38DYWAxMvjSAKG0A8wGSVimP07SIUEK2UO+arSRKbRZWtelMtN5V0Hkwh5ryOto/SshYIg=="
    },
    "lodash.sortby": {
      "version": "4.7.0",
      "resolved": "https://registry.npmjs.org/lodash.sortby/-/lodash.sortby-4.7.0.tgz",
      "integrity": "sha1-7dFMgk4sycHgsKG0K7UhBRakJDg="
    },
    "mime-db": {
      "version": "1.37.0",
      "resolved": "https://registry.npmjs.org/mime-db/-/mime-db-1.37.0.tgz",
      "integrity": "sha512-R3C4db6bgQhlIhPU48fUtdVmKnflq+hRdad7IyKhtFj06VPNVdk2RhiYL3UjQIlso8L+YxAtFkobT0VK+S/ybg=="
    },
    "mime-types": {
      "version": "2.1.21",
      "resolved": "https://registry.npmjs.org/mime-types/-/mime-types-2.1.21.tgz",
      "integrity": "sha512-3iL6DbwpyLzjR3xHSFNFeb9Nz/M8WDkX33t1GFQnFOllWk8pOrh/LSrB5OXlnlW5P9LH73X6loW/eogc+F5lJg==",
      "requires": {
        "mime-db": "~1.37.0"
      }
    },
    "minimalistic-assert": {
      "version": "1.0.1",
      "resolved": "https://registry.npmjs.org/minimalistic-assert/-/minimalistic-assert-1.0.1.tgz",
      "integrity": "sha512-UtJcAD4yEaGtjPezWuO9wC4nwUnVH/8/Im3yEHQP4b67cXlD/Qr9hdITCU1xDbSEXg2XKNaP8jsReV7vQd00/A=="
    },
    "minimalistic-crypto-utils": {
      "version": "1.0.1",
      "resolved": "https://registry.npmjs.org/minimalistic-crypto-utils/-/minimalistic-crypto-utils-1.0.1.tgz",
      "integrity": "sha1-9sAMHAsIIkblxNmd+4x8CDsrWCo="
    },
    "n3": {
      "version": "1.0.3",
      "resolved": "https://registry.npmjs.org/n3/-/n3-1.0.3.tgz",
      "integrity": "sha512-IdcCNqb/1gj9fX63hoVEn3/Z1u9iLJiYLSpesmqT3+5UrxcYG5YldUP6T2okNRZKzyVdqz+I0PExGkWkz9gcZw=="
    },
    "nan": {
      "version": "2.12.1",
      "resolved": "https://registry.npmjs.org/nan/-/nan-2.12.1.tgz",
      "integrity": "sha512-JY7V6lRkStKcKTvHO5NVSQRv+RV+FIL5pvDoLiAtSL9pKlC5x9PKQcZDsq7m4FO4d57mkhC6Z+QhAh3Jdk5JFw==",
      "optional": true
    },
    "node-fetch": {
      "version": "1.7.3",
      "resolved": "https://registry.npmjs.org/node-fetch/-/node-fetch-1.7.3.tgz",
      "integrity": "sha512-NhZ4CsKx7cYm2vSrBAr2PvFOe6sWDf0UYLRqA6svUYg7+/TSfVAu49jYC4BvQ4Sms9SZgdqGBgroqfDhJdTyKQ==",
      "requires": {
        "encoding": "^0.1.11",
        "is-stream": "^1.0.1"
      }
    },
    "node-forge": {
      "version": "0.7.6",
      "resolved": "https://registry.npmjs.org/node-forge/-/node-forge-0.7.6.tgz",
      "integrity": "sha512-sol30LUpz1jQFBjOKwbjxijiE3b6pjd74YwfD0fJOKPjF+fONKb2Yg8rYgS6+bK6VDl+/wfr4IYpC7jDzLUIfw=="
    },
    "node-rsa": {
      "version": "0.4.2",
      "resolved": "https://registry.npmjs.org/node-rsa/-/node-rsa-0.4.2.tgz",
      "integrity": "sha1-1jkXKewWqDDtWjgEKzFX0tXXJTA=",
      "requires": {
        "asn1": "0.2.3"
      }
    },
    "oauth-sign": {
      "version": "0.9.0",
      "resolved": "https://registry.npmjs.org/oauth-sign/-/oauth-sign-0.9.0.tgz",
      "integrity": "sha512-fexhUFFPTGV8ybAtSIGbV6gOkSv8UtRbDBnAyLQw4QPKkgNlsH2ByPGtMUqdWkos6YCRmAqViwgZrJc/mRDzZQ=="
    },
    "performance-now": {
      "version": "2.1.0",
      "resolved": "https://registry.npmjs.org/performance-now/-/performance-now-2.1.0.tgz",
      "integrity": "sha1-Ywn04OX6kT7BxpMHrjZLSzd8nns="
    },
    "pkginfo": {
      "version": "0.4.1",
      "resolved": "https://registry.npmjs.org/pkginfo/-/pkginfo-0.4.1.tgz",
      "integrity": "sha1-tUGO8EOd5UJfxJlQQtztFPsqhP8=",
      "dev": true
    },
    "process-nextick-args": {
      "version": "2.0.0",
      "resolved": "https://registry.npmjs.org/process-nextick-args/-/process-nextick-args-2.0.0.tgz",
      "integrity": "sha512-MtEC1TqN0EU5nephaJ4rAtThHtC86dNN9qCuEhtshvpVBkAW5ZO7BASN9REnF9eoXGcRub+pFuKEpOHE+HbEMw==",
      "dev": true
    },
    "psl": {
      "version": "1.1.31",
      "resolved": "https://registry.npmjs.org/psl/-/psl-1.1.31.tgz",
      "integrity": "sha512-/6pt4+C+T+wZUieKR620OpzN/LlnNKuWjy1iFLQ/UG35JqHlR/89MP1d96dUfkf6Dne3TuLQzOYEYshJ+Hx8mw=="
    },
    "punycode": {
      "version": "2.1.1",
      "resolved": "https://registry.npmjs.org/punycode/-/punycode-2.1.1.tgz",
      "integrity": "sha512-XRsRjdf+j5ml+y/6GKHPZbrF/8p2Yga0JPtdqTIY2Xe5ohJPD9saDJJLPvp9+NSBprVvevdXZybnj2cv8OEd0A=="
    },
    "qs": {
      "version": "6.5.2",
      "resolved": "https://registry.npmjs.org/qs/-/qs-6.5.2.tgz",
      "integrity": "sha512-N5ZAX4/LxJmF+7wN74pUD6qAh9/wnvdQcjq9TZjevvXzSUo7bfmw91saqMjzGS2xq91/odN2dW/WOl7qQHNDGA=="
    },
    "rdf-canonize": {
      "version": "0.3.0",
      "resolved": "https://registry.npmjs.org/rdf-canonize/-/rdf-canonize-0.3.0.tgz",
      "integrity": "sha512-LHyT23nTPy9ASARyoYg/zvNNysJ3cfUAFpPJBbGIjhoENHiUK+l/T3z7oAttqNMBvrJRJuEvcuhyT+YsnC73Dg==",
      "requires": {
        "node-forge": "^0.7.6",
        "rdf-canonize-native": "^0.3.0",
        "semver": "^5.6.0"
      }
    },
    "rdf-canonize-native": {
      "version": "0.3.0",
      "resolved": "https://registry.npmjs.org/rdf-canonize-native/-/rdf-canonize-native-0.3.0.tgz",
      "integrity": "sha512-t/EI0B0GSV+eM2d/Nnxvo5PHomO5Qc5EzBxxtxcrzd8Hx9wHGbh6VFCn4A5/RehQATeoAfynifszJZO+bDO8Ow==",
      "optional": true,
      "requires": {
        "bindings": "^1.3.0",
        "nan": "^2.11.1",
        "semver": "^5.6.0"
      }
    },
    "rdflib": {
      "version": "0.20.1",
      "resolved": "https://registry.npmjs.org/rdflib/-/rdflib-0.20.1.tgz",
      "integrity": "sha512-5G1t7rURqPdsYE+mjpDW2e9/H19XFMuChTIjPFPtH2tI0fma+xlJYwrSgmd1aOm45SOYKpqwJfTSIvFpmP2n+g==",
      "dev": true,
      "requires": {
        "async": "^0.9.x",
        "jsonld": "^0.4.5",
        "n3": "^0.4.1",
        "solid-auth-cli": "^0.1.12",
        "solid-auth-client": "^2.3.0",
        "xmldom": "^0.1.22"
      },
      "dependencies": {
        "async": {
          "version": "0.9.2",
          "resolved": "https://registry.npmjs.org/async/-/async-0.9.2.tgz",
          "integrity": "sha1-rqdNXmHB+JlhO/ZL2mbUx48v0X0=",
          "dev": true
        },
        "jsonld": {
          "version": "0.4.12",
          "resolved": "https://registry.npmjs.org/jsonld/-/jsonld-0.4.12.tgz",
          "integrity": "sha1-oC8gXVNBQU3xtthBTxuWenEgc+g=",
          "dev": true,
          "requires": {
            "es6-promise": "^2.0.0",
            "pkginfo": "~0.4.0",
            "request": "^2.61.0",
            "xmldom": "0.1.19"
          },
          "dependencies": {
            "xmldom": {
              "version": "0.1.19",
              "resolved": "https://registry.npmjs.org/xmldom/-/xmldom-0.1.19.tgz",
              "integrity": "sha1-Yx/Ad3bv2EEYvyUXGzftTQdaCrw=",
              "dev": true
            }
          }
        },
        "n3": {
          "version": "0.4.5",
          "resolved": "https://registry.npmjs.org/n3/-/n3-0.4.5.tgz",
          "integrity": "sha1-W3DTq2ohyejUyb2io9TZCQm+tQg=",
          "dev": true
        },
        "xmldom": {
          "version": "0.1.27",
          "resolved": "https://registry.npmjs.org/xmldom/-/xmldom-0.1.27.tgz",
          "integrity": "sha1-1QH5ezvbQDr4757MIFcxh6rawOk=",
          "dev": true
        }
      }
    },
    "readable-error": {
      "version": "1.0.0",
      "resolved": "https://registry.npmjs.org/readable-error/-/readable-error-1.0.0.tgz",
      "integrity": "sha512-CLnInu5bUphmFiZ3pD/BC6+Cg4/BzK6ZMvWfd0b2QMzYo159Z/f/nVFQ9L5IeMrqUxy0EFsp3XJ+BRfLfY13IQ==",
      "dev": true,
      "requires": {
        "readable-stream": "^2.3.3"
      }
    },
    "readable-stream": {
      "version": "2.3.6",
      "resolved": "https://registry.npmjs.org/readable-stream/-/readable-stream-2.3.6.tgz",
      "integrity": "sha512-tQtKA9WIAhBF3+VLAseyMqZeBjW0AHJoxOtYqSUZNJxauErmLbVm2FW1y+J/YA9dUrAC39ITejlZWhVIwawkKw==",
      "dev": true,
      "requires": {
        "core-util-is": "~1.0.0",
        "inherits": "~2.0.3",
        "isarray": "~1.0.0",
        "process-nextick-args": "~2.0.0",
        "safe-buffer": "~5.1.1",
        "string_decoder": "~1.1.1",
        "util-deprecate": "~1.0.1"
      }
    },
    "regenerator-runtime": {
      "version": "0.13.2",
      "resolved": "https://registry.npmjs.org/regenerator-runtime/-/regenerator-runtime-0.13.2.tgz",
      "integrity": "sha512-S/TQAZJO+D3m9xeN1WTI8dLKBBiRgXBlTJvbWjCThHWZj9EvHK70Ff50/tYj2J/fvBY6JtFVwRuazHN2E7M9BA==",
      "dev": true
    },
    "request": {
      "version": "2.88.0",
      "resolved": "https://registry.npmjs.org/request/-/request-2.88.0.tgz",
      "integrity": "sha512-NAqBSrijGLZdM0WZNsInLJpkJokL72XYjUpnB0iwsRgxh7dB6COrHnTBNwN0E+lHDAJzu7kLAkDeY08z2/A0hg==",
      "requires": {
        "aws-sign2": "~0.7.0",
        "aws4": "^1.8.0",
        "caseless": "~0.12.0",
        "combined-stream": "~1.0.6",
        "extend": "~3.0.2",
        "forever-agent": "~0.6.1",
        "form-data": "~2.3.2",
        "har-validator": "~5.1.0",
        "http-signature": "~1.2.0",
        "is-typedarray": "~1.0.0",
        "isstream": "~0.1.2",
        "json-stringify-safe": "~5.0.1",
        "mime-types": "~2.1.19",
        "oauth-sign": "~0.9.0",
        "performance-now": "^2.1.0",
        "qs": "~6.5.2",
        "safe-buffer": "^5.1.2",
        "tough-cookie": "~2.4.3",
        "tunnel-agent": "^0.6.0",
        "uuid": "^3.3.2"
      }
    },
    "safe-buffer": {
      "version": "5.1.2",
      "resolved": "https://registry.npmjs.org/safe-buffer/-/safe-buffer-5.1.2.tgz",
      "integrity": "sha512-Gd2UZBJDkXlY7GbJxfsE8/nvKkUEU1G38c1siN6QP6a9PT9MmHB8GnpscSmMJSoF8LOIrt8ud/wPtojys4G6+g=="
    },
    "safer-buffer": {
      "version": "2.1.2",
      "resolved": "https://registry.npmjs.org/safer-buffer/-/safer-buffer-2.1.2.tgz",
      "integrity": "sha512-YZo3K82SD7Riyi0E1EQPojLz7kpepnSQI9IyPbHHg1XXXevb5dJI7tpyN2ADxGcQbHG7vcyRHk0cbwqcQriUtg=="
    },
    "semver": {
      "version": "5.6.0",
      "resolved": "https://registry.npmjs.org/semver/-/semver-5.6.0.tgz",
      "integrity": "sha512-RS9R6R35NYgQn++fkDWaOmqGoj4Ek9gGs+DPxNUZKuwE183xjJroKvyo1IzVFeXvUrvmALy6FWD5xrdJT25gMg=="
    },
    "solid-auth-cli": {
      "version": "0.1.13",
      "resolved": "https://registry.npmjs.org/solid-auth-cli/-/solid-auth-cli-0.1.13.tgz",
      "integrity": "sha512-mRZ4eaWniGd9jLRzSWD3n9EwMfTcmwlfXK5MggIzSQOyXa1XJCWxHnJDL0DWTX5sMi1ovYa6RI4u6TNOzsEZiw==",
      "dev": true,
      "requires": {
        "@solid/cli": "^0.1.0",
        "async": "^2.6.1",
        "file-fetch": "^1.1.1",
        "fs": "0.0.1-security",
        "isomorphic-fetch": "^2.2.1",
        "jsonld": "^1.4.0",
        "n3": "^1.0.3"
      }
    },
    "solid-auth-client": {
      "version": "2.3.0",
      "resolved": "https://registry.npmjs.org/solid-auth-client/-/solid-auth-client-2.3.0.tgz",
      "integrity": "sha512-+9RfqC64oWpH4afoWYhCtieuAziFyWiiW/isB9XEV6N+yb2jZ69UCJxpX7iBCpxK0j36bDeisdbp0zHRp/F46A==",
      "dev": true,
      "requires": {
        "@babel/runtime": "^7.0.0",
        "@solid/oidc-rp": "^0.8.0",
        "auth-header": "^1.0.0",
        "commander": "^2.11.0",
        "isomorphic-fetch": "^2.2.1"
      }
    },
    "solid-rest": {
      "version": "1.0.5",
      "resolved": "https://registry.npmjs.org/solid-rest/-/solid-rest-1.0.5.tgz",
      "integrity": "sha512-J6/nGHe7NacSqssb/XnSim3j5/gycgyRZ4H2Jr0bHbP/k73DxyV7hY1HICTwXYwODy8OIjcTBjzU0gSUKUmIeg==",
      "requires": {
        "fs-extra": "^8.0.1",
        "mime-types": "^2.1.24",
        "node-fetch": "^2.6.0"
      },
      "dependencies": {
        "mime-db": {
          "version": "1.40.0",
          "resolved": "https://registry.npmjs.org/mime-db/-/mime-db-1.40.0.tgz",
          "integrity": "sha512-jYdeOMPy9vnxEqFRRo6ZvTZ8d9oPb+k18PKoYNYUe2stVEBPPwsln/qWzdbmaIvnhZ9v2P+CuecK+fpUfsV2mA=="
        },
        "mime-types": {
          "version": "2.1.24",
          "resolved": "https://registry.npmjs.org/mime-types/-/mime-types-2.1.24.tgz",
          "integrity": "sha512-WaFHS3MCl5fapm3oLxU4eYDw77IQM2ACcxQ9RIxfaC3ooc6PFuBMGZZsYpvoXS5D5QTWPieo1jjLdAm3TBP3cQ==",
          "requires": {
            "mime-db": "1.40.0"
          }
        },
        "node-fetch": {
          "version": "2.6.0",
          "resolved": "https://registry.npmjs.org/node-fetch/-/node-fetch-2.6.0.tgz",
          "integrity": "sha512-8dG4H5ujfvFiqDmVu9fQ5bOHUC15JMjMY/Zumv26oOvvVJjM67KF8koCWIabKQ1GJIa9r2mMZscBq/TbdOcmNA=="
        }
      }
    },
    "sshpk": {
      "version": "1.16.0",
      "resolved": "https://registry.npmjs.org/sshpk/-/sshpk-1.16.0.tgz",
      "integrity": "sha512-Zhev35/y7hRMcID/upReIvRse+I9SVhyVre/KTJSJQWMz3C3+G+HpO7m1wK/yckEtujKZ7dS4hkVxAnmHaIGVQ==",
      "requires": {
        "asn1": "~0.2.3",
        "assert-plus": "^1.0.0",
        "bcrypt-pbkdf": "^1.0.0",
        "dashdash": "^1.12.0",
        "ecc-jsbn": "~0.1.1",
        "getpass": "^0.1.1",
        "jsbn": "~0.1.0",
        "safer-buffer": "^2.0.2",
        "tweetnacl": "~0.14.0"
      }
    },
    "standard-error": {
      "version": "1.1.0",
      "resolved": "https://registry.npmjs.org/standard-error/-/standard-error-1.1.0.tgz",
      "integrity": "sha1-I+UWj6HAggGJ5YEnAaeQWFENDTQ="
    },
    "standard-http-error": {
      "version": "2.0.1",
      "resolved": "https://registry.npmjs.org/standard-http-error/-/standard-http-error-2.0.1.tgz",
      "integrity": "sha1-+K6RcuPO+cs40ucIShkl9Xp8NL0=",
      "requires": {
        "standard-error": ">= 1.1.0 < 2"
      }
    },
    "string_decoder": {
      "version": "1.1.1",
      "resolved": "https://registry.npmjs.org/string_decoder/-/string_decoder-1.1.1.tgz",
      "integrity": "sha512-n/ShnvDi6FHbbVfviro+WojiFzv+s8MPMHBczVePfUpDJLwoLT0ht1l4YwBCbi8pJAveEEdnkHyPyTP/mzRfwg==",
      "dev": true,
      "requires": {
        "safe-buffer": "~5.1.0"
      }
    },
    "text-encoding": {
      "version": "0.6.4",
      "resolved": "https://registry.npmjs.org/text-encoding/-/text-encoding-0.6.4.tgz",
      "integrity": "sha1-45mpgiV6J22uQou5KEXLcb3CbRk="
    },
    "tough-cookie": {
      "version": "2.4.3",
      "resolved": "https://registry.npmjs.org/tough-cookie/-/tough-cookie-2.4.3.tgz",
      "integrity": "sha512-Q5srk/4vDM54WJsJio3XNn6K2sCG+CQ8G5Wz6bZhRZoAe/+TxjWB/GlFAnYEbkYVlON9FMk/fE3h2RLpPXo4lQ==",
      "requires": {
        "psl": "^1.1.24",
        "punycode": "^1.4.1"
      },
      "dependencies": {
        "punycode": {
          "version": "1.4.1",
          "resolved": "https://registry.npmjs.org/punycode/-/punycode-1.4.1.tgz",
          "integrity": "sha1-wNWmOycYgArY4esPpSachN1BhF4="
        }
      }
    },
    "tr46": {
      "version": "1.0.1",
      "resolved": "https://registry.npmjs.org/tr46/-/tr46-1.0.1.tgz",
      "integrity": "sha1-qLE/1r/SSJUZZ0zN5VujaTtwbQk=",
      "requires": {
        "punycode": "^2.1.0"
      }
    },
    "tunnel-agent": {
      "version": "0.6.0",
      "resolved": "https://registry.npmjs.org/tunnel-agent/-/tunnel-agent-0.6.0.tgz",
      "integrity": "sha1-J6XeoGs2sEoKmWZ3SykIaPD8QP0=",
      "requires": {
        "safe-buffer": "^5.0.1"
      }
    },
    "tweetnacl": {
      "version": "0.14.5",
      "resolved": "https://registry.npmjs.org/tweetnacl/-/tweetnacl-0.14.5.tgz",
      "integrity": "sha1-WuaBd/GS1EViadEIr6k/+HQ/T2Q="
    },
    "typedarray": {
      "version": "0.0.6",
      "resolved": "https://registry.npmjs.org/typedarray/-/typedarray-0.0.6.tgz",
      "integrity": "sha1-hnrHTjhkGHsdPUfZlqeOxciDB3c=",
      "dev": true
    },
    "universalify": {
      "version": "0.1.2",
      "resolved": "https://registry.npmjs.org/universalify/-/universalify-0.1.2.tgz",
      "integrity": "sha512-rBJeI5CXAlmy1pV+617WB9J63U6XcazHHF2f2dbJix4XzpUF0RS3Zbj0FGIOCAva5P/d/GBOYaACQ1w+0azUkg=="
    },
    "uri-js": {
      "version": "4.2.2",
      "resolved": "https://registry.npmjs.org/uri-js/-/uri-js-4.2.2.tgz",
      "integrity": "sha512-KY9Frmirql91X2Qgjry0Wd4Y+YTdrdZheS8TFwvkbLWf/G5KNJDCh6pKL5OZctEW4+0Baa5idK2ZQuELRwPznQ==",
      "requires": {
        "punycode": "^2.1.0"
      }
    },
    "util-deprecate": {
      "version": "1.0.2",
      "resolved": "https://registry.npmjs.org/util-deprecate/-/util-deprecate-1.0.2.tgz",
      "integrity": "sha1-RQ1Nyfpw3nMnYvvS1KKJgUGaDM8=",
      "dev": true
    },
    "uuid": {
      "version": "3.3.2",
      "resolved": "https://registry.npmjs.org/uuid/-/uuid-3.3.2.tgz",
      "integrity": "sha512-yXJmeNaw3DnnKAOKJE51sL/ZaYfWJRl1pK9dr19YFCu0ObS231AB1/LbqTKRAQ5kw8A90rA6fr4riOUpTZvQZA=="
    },
    "verror": {
      "version": "1.10.0",
      "resolved": "https://registry.npmjs.org/verror/-/verror-1.10.0.tgz",
      "integrity": "sha1-OhBcoXBTr1XW4nDB+CiGguGNpAA=",
      "requires": {
        "assert-plus": "^1.0.0",
        "core-util-is": "1.0.2",
        "extsprintf": "^1.2.0"
      }
    },
    "webidl-conversions": {
      "version": "4.0.2",
      "resolved": "https://registry.npmjs.org/webidl-conversions/-/webidl-conversions-4.0.2.tgz",
      "integrity": "sha512-YQ+BmxuTgd6UXZW3+ICGfyqRyHXVlD5GtQr5+qjiNW7bF0cqrzX500HVXPBOvgXb5YnzDd+h0zqyv61KUD7+Sg=="
    },
    "whatwg-fetch": {
      "version": "3.0.0",
      "resolved": "https://registry.npmjs.org/whatwg-fetch/-/whatwg-fetch-3.0.0.tgz",
      "integrity": "sha512-9GSJUgz1D4MfyKU7KRqwOjXCXTqWdFNvEr7eUBYchQiVc744mqK/MzXPNR2WsPkmkOa4ywfg8C2n8h+13Bey1Q=="
    },
    "whatwg-url": {
      "version": "6.5.0",
      "resolved": "https://registry.npmjs.org/whatwg-url/-/whatwg-url-6.5.0.tgz",
      "integrity": "sha512-rhRZRqx/TLJQWUpQ6bmrt2UV4f0HCQ463yQuONJqC6fO2VoEb1pTYddbe59SkYq87aoM5A3bdhMZiUiVws+fzQ==",
      "requires": {
        "lodash.sortby": "^4.7.0",
        "tr46": "^1.0.1",
        "webidl-conversions": "^4.0.2"
      }
    },
    "xmldom": {
      "version": "0.1.19",
      "resolved": "https://registry.npmjs.org/xmldom/-/xmldom-0.1.19.tgz",
      "integrity": "sha1-Yx/Ad3bv2EEYvyUXGzftTQdaCrw="
    }
  }
}
